
Microsoft Visual Studio Solution File, Format Version 12.00
# Visual Studio Version 17
VisualStudioVersion = 17.5.33516.290
MinimumVisualStudioVersion = 10.0.40219.1
Project("{FAE04EC0-301F-11D3-BF4B-00C04F79EFBC}") = "Birth_registration_number", "Birth_registration_number.csproj", "{ACE19D72-266B-4AA9-9176-4521ED6CE813}"
EndProject
Global
	GlobalSection(SolutionConfigurationPlatforms) = preSolution
		Debug|Any CPU = Debug|Any CPU
		Release|Any CPU = Release|Any CPU
	EndGlobalSection
	GlobalSection(ProjectConfigurationPlatforms) = postSolution
		{ACE19D72-266B-4AA9-9176-4521ED6CE813}.Debug|Any CPU.ActiveCfg = Debug|Any CPU
		{ACE19D72-266B-4AA9-9176-4521ED6CE813}.Debug|Any CPU.Build.0 = Debug|Any CPU
		{ACE19D72-266B-4AA9-9176-4521ED6CE813}.Release|Any CPU.ActiveCfg = Release|Any CPU
		{ACE19D72-266B-4AA9-9176-4521ED6CE813}.Release|Any CPU.Build.0 = Release|Any CPU
	EndGlobalSection
	GlobalSection(SolutionProperties) = preSolution
		HideSolutionNode = FALSE
	EndGlobalSection
	GlobalSection(ExtensibilityGlobals) = postSolution
		SolutionGuid = {429578EC-7588-4B19-B6CB-13C689C07998}
	EndGlobalSection
EndGlobal
